
Microsoft Visual Studio Solution File, Format Version 12.00
# Visual Studio 15
Project("{FAE04EC0-301F-11D3-BF4B-00C04F79EFBC}") = "Assembly-CSharp", "Assembly-CSharp.csproj", "{7F5E7D37-B8CF-50F1-B80C-EE3627EE3B51}"
EndProject
Global
	GlobalSection(SolutionConfigurationPlatforms) = preSolution
		Debug|Any CPU = Debug|Any CPU
		Release|Any CPU = Release|Any CPU
	EndGlobalSection
	GlobalSection(ProjectConfigurationPlatforms) = postSolution
		{7F5E7D37-B8CF-50F1-B80C-EE3627EE3B51}.Debug|Any CPU.ActiveCfg = Debug|Any CPU
		{7F5E7D37-B8CF-50F1-B80C-EE3627EE3B51}.Debug|Any CPU.Build.0 = Debug|Any CPU
		{7F5E7D37-B8CF-50F1-B80C-EE3627EE3B51}.Release|Any CPU.ActiveCfg = Release|Any CPU
		{7F5E7D37-B8CF-50F1-B80C-EE3627EE3B51}.Release|Any CPU.Build.0 = Release|Any CPU
	EndGlobalSection
	GlobalSection(SolutionProperties) = preSolution
		HideSolutionNode = FALSE
	EndGlobalSection
EndGlobal
