
Microsoft Visual Studio Solution File, Format Version 12.00
# Visual Studio 15
Project("{FAE04EC0-301F-11D3-BF4B-00C04F79EFBC}") = "Assembly-CSharp", "Assembly-CSharp.csproj", "{00DBA8AE-74E6-DC9F-C8BE-8B69F9A10473}"
EndProject
Project("{FAE04EC0-301F-11D3-BF4B-00C04F79EFBC}") = "GoogleMobileAds.Editor", "GoogleMobileAds.Editor.csproj", "{D1EC4074-A196-1BD6-DAFA-0BE2D80A716B}"
EndProject
Global
	GlobalSection(SolutionConfigurationPlatforms) = preSolution
		Debug|Any CPU = Debug|Any CPU
		Release|Any CPU = Release|Any CPU
	EndGlobalSection
	GlobalSection(ProjectConfigurationPlatforms) = postSolution
		{00DBA8AE-74E6-DC9F-C8BE-8B69F9A10473}.Debug|Any CPU.ActiveCfg = Debug|Any CPU
		{00DBA8AE-74E6-DC9F-C8BE-8B69F9A10473}.Debug|Any CPU.Build.0 = Debug|Any CPU
		{00DBA8AE-74E6-DC9F-C8BE-8B69F9A10473}.Release|Any CPU.ActiveCfg = Release|Any CPU
		{00DBA8AE-74E6-DC9F-C8BE-8B69F9A10473}.Release|Any CPU.Build.0 = Release|Any CPU
		{D1EC4074-A196-1BD6-DAFA-0BE2D80A716B}.Debug|Any CPU.ActiveCfg = Debug|Any CPU
		{D1EC4074-A196-1BD6-DAFA-0BE2D80A716B}.Debug|Any CPU.Build.0 = Debug|Any CPU
		{D1EC4074-A196-1BD6-DAFA-0BE2D80A716B}.Release|Any CPU.ActiveCfg = Release|Any CPU
		{D1EC4074-A196-1BD6-DAFA-0BE2D80A716B}.Release|Any CPU.Build.0 = Release|Any CPU
	EndGlobalSection
	GlobalSection(SolutionProperties) = preSolution
		HideSolutionNode = FALSE
	EndGlobalSection
EndGlobal
